
Microsoft Visual Studio Solution File, Format Version 12.00
# Visual Studio Version 16
VisualStudioVersion = 16.0.29709.97
MinimumVisualStudioVersion = 10.0.40219.1
Project("{9A19103F-16F7-4668-BE54-9A1E7A4F7556}") = "APIAbooking", "APIAbooking\APIAbooking.csproj", "{0DB98A72-6897-4542-8EAB-FD4E51818FF5}"
EndProject
Project("{FAE04EC0-301F-11D3-BF4B-00C04F79EFBC}") = "ApplicationTesting", "ApplicationTesting\ApplicationTesting.csproj", "{1554855E-EDE5-40A5-9C73-058385323E6C}"
EndProject
Global
	GlobalSection(SolutionConfigurationPlatforms) = preSolution
		Debug|Any CPU = Debug|Any CPU
		Release|Any CPU = Release|Any CPU
	EndGlobalSection
	GlobalSection(ProjectConfigurationPlatforms) = postSolution
		{0DB98A72-6897-4542-8EAB-FD4E51818FF5}.Debug|Any CPU.ActiveCfg = Debug|Any CPU
		{0DB98A72-6897-4542-8EAB-FD4E51818FF5}.Debug|Any CPU.Build.0 = Debug|Any CPU
		{0DB98A72-6897-4542-8EAB-FD4E51818FF5}.Release|Any CPU.ActiveCfg = Release|Any CPU
		{0DB98A72-6897-4542-8EAB-FD4E51818FF5}.Release|Any CPU.Build.0 = Release|Any CPU
		{1554855E-EDE5-40A5-9C73-058385323E6C}.Debug|Any CPU.ActiveCfg = Debug|Any CPU
		{1554855E-EDE5-40A5-9C73-058385323E6C}.Debug|Any CPU.Build.0 = Debug|Any CPU
		{1554855E-EDE5-40A5-9C73-058385323E6C}.Release|Any CPU.ActiveCfg = Release|Any CPU
		{1554855E-EDE5-40A5-9C73-058385323E6C}.Release|Any CPU.Build.0 = Release|Any CPU
	EndGlobalSection
	GlobalSection(SolutionProperties) = preSolution
		HideSolutionNode = FALSE
	EndGlobalSection
	GlobalSection(ExtensibilityGlobals) = postSolution
		SolutionGuid = {ED96AB85-4EDE-4644-B94A-C942C9FFD8B0}
	EndGlobalSection
EndGlobal
